<?xml version="1.0" encoding="utf-8"?>
<Project ToolsVersion="4.0" xmlns="http://schemas.microsoft.com/developer/msbuild/2003">
  <ItemGroup>
    <Filter Include="Fichiers sources">
      <UniqueIdentifier>{4FC737F1-C7A5-4376-A066-2A32D752A2FF}</UniqueIdentifier>
      <Extensions>cpp;c;cc;cxx;def;odl;idl;hpj;bat;asm;asmx</Extensions>
    </Filter>
    <Filter Include="Fichiers d%27en-tête">
      <UniqueIdentifier>{93995380-89BD-4b04-88EB-625FBE52EBFB}</UniqueIdentifier>
      <Extensions>h;hh;hpp;hxx;hm;inl;inc;ipp;xsd</Extensions>
    </Filter>
    <Filter Include="Fichiers de ressources">
      <UniqueIdentifier>{67DA6AB6-F800-4c08-8B7A-83BB121AAD01}</UniqueIdentifier>
      <Extensions>rc;ico;cur;bmp;dlg;rc2;rct;bin;rgs;gif;jpg;jpeg;jpe;resx;tiff;tif;png;wav;mfcribbon-ms</Extensions>
    </Filter>
    <Filter Include="Fichiers sources\Engine">
      <UniqueIdentifier>{76e16028-c068-42fc-bdc4-96e5044f506c}</UniqueIdentifier>
    </Filter>
    <Filter Include="Fichiers sources\Game">
      <UniqueIdentifier>{96ed8e5f-6068-4880-bf2f-45b0fbca009f}</UniqueIdentifier>
    </Filter>
    <Filter Include="Fichiers sources\3DRenderer">
      <UniqueIdentifier>{56dee105-83e4-4236-aaa6-c593d1365ae6}</UniqueIdentifier>
    </Filter>
    <Filter Include="Fichiers sources\3DRenderer\AideMatrice">
      <UniqueIdentifier>{59a90efa-9227-4563-973a-9b8804d4fce2}</UniqueIdentifier>
    </Filter>
    <Filter Include="Fichiers sources\3DRenderer\Rendering">
      <UniqueIdentifier>{2bd8f3ec-4426-4f9b-8a28-625d417ce8db}</UniqueIdentifier>
    </Filter>
  </ItemGroup>
  <ItemGroup>
    <ClInclude Include="IEnvironnement.h">
      <Filter>Fichiers sources\Engine</Filter>
    </ClInclude>
    <ClInclude Include="Game.h">
      <Filter>Fichiers sources\Game</Filter>
    </ClInclude>
    <ClInclude Include="IResourceManager.h">
      <Filter>Fichiers sources\Engine</Filter>
    </ClInclude>
    <ClInclude Include="ISpace.h">
      <Filter>Fichiers sources\3DRenderer</Filter>
    </ClInclude>
    <ClInclude Include="IPoint.h">
      <Filter>Fichiers sources\3DRenderer</Filter>
    </ClInclude>
    <ClInclude Include="IObject.h">
      <Filter>Fichiers sources\3DRenderer</Filter>
    </ClInclude>
    <ClInclude Include="IRay.h">
      <Filter>Fichiers sources\3DRenderer</Filter>
    </ClInclude>
    <ClInclude Include="MatricePoint.h">
      <Filter>Fichiers sources\3DRenderer\AideMatrice</Filter>
    </ClInclude>
    <ClInclude Include="Camera.h">
      <Filter>Fichiers sources\3DRenderer\Rendering</Filter>
    </ClInclude>
  </ItemGroup>
  <ItemGroup>
    <ClCompile Include="Source.cpp">
      <Filter>Fichiers sources\Engine</Filter>
    </ClCompile>
  </ItemGroup>
</Project>